
Microsoft Visual Studio Solution File, Format Version 12.00
# Visual Studio 15
VisualStudioVersion = 15.0.28307.136
MinimumVisualStudioVersion = 10.0.40219.1
Project("{FAE04EC0-301F-11D3-BF4B-00C04F79EFBC}") = "NeuralNetworkLibrary", "NeuralNetworkLibrary\NeuralNetworkLibrary.csproj", "{8E719A42-E4B7-45BF-ACA5-799B8DF7BEE9}"
EndProject
Project("{FAE04EC0-301F-11D3-BF4B-00C04F79EFBC}") = "NeuralNetworkTester", "NeuralNetworkTester\NeuralNetworkTester.csproj", "{8FBF6302-94A8-412C-A03D-7D791D760390}"
EndProject
Global
	GlobalSection(SolutionConfigurationPlatforms) = preSolution
		Debug|Any CPU = Debug|Any CPU
		Release|Any CPU = Release|Any CPU
	EndGlobalSection
	GlobalSection(ProjectConfigurationPlatforms) = postSolution
		{8E719A42-E4B7-45BF-ACA5-799B8DF7BEE9}.Debug|Any CPU.ActiveCfg = Debug|Any CPU
		{8E719A42-E4B7-45BF-ACA5-799B8DF7BEE9}.Debug|Any CPU.Build.0 = Debug|Any CPU
		{8E719A42-E4B7-45BF-ACA5-799B8DF7BEE9}.Release|Any CPU.ActiveCfg = Release|Any CPU
		{8E719A42-E4B7-45BF-ACA5-799B8DF7BEE9}.Release|Any CPU.Build.0 = Release|Any CPU
		{8FBF6302-94A8-412C-A03D-7D791D760390}.Debug|Any CPU.ActiveCfg = Debug|Any CPU
		{8FBF6302-94A8-412C-A03D-7D791D760390}.Debug|Any CPU.Build.0 = Debug|Any CPU
		{8FBF6302-94A8-412C-A03D-7D791D760390}.Release|Any CPU.ActiveCfg = Release|Any CPU
		{8FBF6302-94A8-412C-A03D-7D791D760390}.Release|Any CPU.Build.0 = Release|Any CPU
	EndGlobalSection
	GlobalSection(SolutionProperties) = preSolution
		HideSolutionNode = FALSE
	EndGlobalSection
	GlobalSection(ExtensibilityGlobals) = postSolution
		SolutionGuid = {5FD16E8B-81FF-4484-9C22-3950FDA02F2A}
	EndGlobalSection
EndGlobal
